<?xml version="1.0" encoding="utf-8"?>
<Project ToolsVersion="4.0" xmlns="http://schemas.microsoft.com/developer/msbuild/2003">
  <ItemGroup>
    <Filter Include="Source Files">
      <UniqueIdentifier>{4FC737F1-C7A5-4376-A066-2A32D752A2FF}</UniqueIdentifier>
      <Extensions>cpp;c;cc;cxx;def;odl;idl;hpj;bat;asm;asmx</Extensions>
    </Filter>
    <Filter Include="Shaders">
      <UniqueIdentifier>{53cc4f39-70ca-4756-bab8-feafcf23e0f2}</UniqueIdentifier>
    </Filter>
    <Filter Include="Assets">
      <UniqueIdentifier>{641fbdd3-99c6-4f7e-981e-b109700dcc08}</UniqueIdentifier>
    </Filter>
    <Filter Include="Source Files\Window">
      <UniqueIdentifier>{aed06a5d-6cbf-496e-af9d-28f4901571f0}</UniqueIdentifier>
    </Filter>
    <Filter Include="Source Files\Shader">
      <UniqueIdentifier>{78a85087-1b3a-4139-a00b-c1d99848f528}</UniqueIdentifier>
    </Filter>
    <Filter Include="Source Files\Texture">
      <UniqueIdentifier>{8ea62df4-956d-4a2f-a537-6d6420f0ebe1}</UniqueIdentifier>
    </Filter>
    <Filter Include="Source Files\Camera">
      <UniqueIdentifier>{028440d9-16f8-452c-8f9f-748929f36be2}</UniqueIdentifier>
    </Filter>
    <Filter Include="Source Files\System">
      <UniqueIdentifier>{28019f02-2296-434c-9a04-94d863964aea}</UniqueIdentifier>
    </Filter>
    <Filter Include="Source Files\Tools">
      <UniqueIdentifier>{21bcf197-c969-4e12-b3be-c5c7501df98f}</UniqueIdentifier>
    </Filter>
    <Filter Include="Assets\Terrian">
      <UniqueIdentifier>{c0eca8a6-fbbb-4957-b8b5-98046954934c}</UniqueIdentifier>
    </Filter>
    <Filter Include="Source Files\Mesh">
      <UniqueIdentifier>{96041cd1-a0e1-4caf-8a69-16bbc2c480d5}</UniqueIdentifier>
    </Filter>
    <Filter Include="Source Files\Terrain">
      <UniqueIdentifier>{637c5d7b-8dff-41a8-9685-bfcdbfdf0781}</UniqueIdentifier>
    </Filter>
    <Filter Include="Source Files\SkyBox">
      <UniqueIdentifier>{1efcf5fa-8760-4460-80ec-23a5d78ff27d}</UniqueIdentifier>
    </Filter>
    <Filter Include="Source Files\Component">
      <UniqueIdentifier>{b3ee3fee-5e97-46da-96de-0fc302f94554}</UniqueIdentifier>
    </Filter>
  </ItemGroup>
  <ItemGroup>
    <ClCompile Include="Window.cpp">
      <Filter>Source Files\Window</Filter>
    </ClCompile>
    <ClCompile Include="Shader.cpp">
      <Filter>Source Files\Shader</Filter>
    </ClCompile>
    <ClCompile Include="Texture.cpp">
      <Filter>Source Files\Texture</Filter>
    </ClCompile>
    <ClCompile Include="Camera.cpp">
      <Filter>Source Files\Camera</Filter>
    </ClCompile>
    <ClCompile Include="MyTimer.cpp">
      <Filter>Source Files\Tools</Filter>
    </ClCompile>
    <ClCompile Include="FreeCamera.cpp">
      <Filter>Source Files\Camera</Filter>
    </ClCompile>
    <ClCompile Include="Main.cpp">
      <Filter>Source Files</Filter>
    </ClCompile>
    <ClCompile Include="Mesh.cpp">
      <Filter>Source Files\Mesh</Filter>
    </ClCompile>
    <ClCompile Include="Terrain.cpp">
      <Filter>Source Files\Terrain</Filter>
    </ClCompile>
    <ClCompile Include="Actor.cpp">
      <Filter>Source Files\Component</Filter>
    </ClCompile>
  </ItemGroup>
  <ItemGroup>
    <None Include="Shaders\fs.glsl">
      <Filter>Shaders</Filter>
    </None>
    <None Include="Shaders\vs.glsl">
      <Filter>Shaders</Filter>
    </None>
    <None Include="Shaders\fs_octree.glsl">
      <Filter>Shaders</Filter>
    </None>
    <None Include="Shaders\vs_octree.glsl">
      <Filter>Shaders</Filter>
    </None>
  </ItemGroup>
  <ItemGroup>
    <ClInclude Include="Window.h">
      <Filter>Source Files\Window</Filter>
    </ClInclude>
    <ClInclude Include="Global.h">
      <Filter>Source Files</Filter>
    </ClInclude>
    <ClInclude Include="Shader.h">
      <Filter>Source Files\Shader</Filter>
    </ClInclude>
    <ClInclude Include="Texture.h">
      <Filter>Source Files\Texture</Filter>
    </ClInclude>
    <ClInclude Include="Camera.h">
      <Filter>Source Files\Camera</Filter>
    </ClInclude>
    <ClInclude Include="IRenderable.h">
      <Filter>Source Files\Component</Filter>
    </ClInclude>
    <ClInclude Include="MyTimer.h">
      <Filter>Source Files\Tools</Filter>
    </ClInclude>
    <ClInclude Include="FreeCamera.h">
      <Filter>Source Files\Camera</Filter>
    </ClInclude>
    <ClInclude Include="Mesh.h">
      <Filter>Source Files\Mesh</Filter>
    </ClInclude>
    <ClInclude Include="Terrain.h">
      <Filter>Source Files\Terrain</Filter>
    </ClInclude>
    <ClInclude Include="Actor.h">
      <Filter>Source Files\Component</Filter>
    </ClInclude>
    <ClInclude Include="ICommand.h">
      <Filter>Source Files\Component</Filter>
    </ClInclude>
  </ItemGroup>
  <ItemGroup>
    <Image Include="Assets\awesomeface.png">
      <Filter>Assets</Filter>
    </Image>
    <Image Include="Assets\container.jpg">
      <Filter>Assets</Filter>
    </Image>
    <Image Include="Assets\wall.jpg">
      <Filter>Assets</Filter>
    </Image>
    <Image Include="Assets\Terrian\height_map.jpg">
      <Filter>Assets\Terrian</Filter>
    </Image>
    <Image Include="Assets\Terrian\Rock.jpg">
      <Filter>Assets\Terrian</Filter>
    </Image>
    <Image Include="Assets\Terrian\terrian_tex.jpg">
      <Filter>Assets\Terrian</Filter>
    </Image>
    <Image Include="Assets\Terrain\Sand.jpg">
      <Filter>Assets\Terrian</Filter>
    </Image>
  </ItemGroup>
</Project>